dependencies:
  david-cermak/libssh:
    component_hash: cdf89ed3ff997e433e08c1791f2f8a31ff975d84678456a4d033696764fec3a1
    dependencies:
    - name: espressif/sock_utils
      registry_url: https://components.espressif.com
      require: private
      version: '*'
    - name: idf
      require: private
      version: '>=5.2'
    source:
      registry_url: https://components.espressif.com/
      type: service
    version: 0.11.0~1
  espressif/sock_utils:
    component_hash: b2e5cafc60dfefd05720ababb9fca0dfe2830fb9d71f97e5336de36a84c591c9
    dependencies:
    - name: idf
      require: private
      version: '>=5.0'
    source:
      registry_url: https://components.espressif.com
      type: service
    version: 0.2.2
  idf:
    source:
      type: idf
    version: 5.5.0
direct_dependencies:
- david-cermak/libssh
- idf
manifest_hash: 24db4feeaaed2080c440f5d44bb3f17406d0e9aa7233d114cfbc3f96ab6a6be1
target: esp32c3
version: 2.0.0
